// !$*UTF8*$!
{
	archiveVersion = 1;
	classes = {
	};
	objectVersion = 56;
	objects = {

/* Begin PBXBuildFile section */
		010B7CF42BD97F66001D185D /* GFDataLoadingVC.swift in Sources */ = {isa = PBXBuildFile; fileRef = 010B7CF32BD97F66001D185D /* GFDataLoadingVC.swift */; };
		01178BAF2BCD1A8000461B98 /* UserInfoVC.swift in Sources */ = {isa = PBXBuildFile; fileRef = 01178BAE2BCD1A8000461B98 /* UserInfoVC.swift */; };
		011A7E092BD1077B00FABE9E /* Date+Ext.swift in Sources */ = {isa = PBXBuildFile; fileRef = 011A7E082BD1077B00FABE9E /* Date+Ext.swift */; };
		013A907F2BD65DB90091FDB8 /* FavoriteCell.swift in Sources */ = {isa = PBXBuildFile; fileRef = 013A907E2BD65DB90091FDB8 /* FavoriteCell.swift */; };
		0154ED462BDEDCC100F30BBC /* UIView+Ext.swift in Sources */ = {isa = PBXBuildFile; fileRef = 0154ED452BDEDCC100F30BBC /* UIView+Ext.swift */; };
		015E43882BCBB0AC00CE8BFF /* GFEmptyStateView.swift in Sources */ = {isa = PBXBuildFile; fileRef = 015E43872BCBB0AC00CE8BFF /* GFEmptyStateView.swift */; };
		0174038E2BD476330005F315 /* PersistenceManager.swift in Sources */ = {isa = PBXBuildFile; fileRef = 0174038D2BD476330005F315 /* PersistenceManager.swift */; };
		0182F0C62BD836F800D849FD /* GFTabBarController.swift in Sources */ = {isa = PBXBuildFile; fileRef = 0182F0C52BD836F800D849FD /* GFTabBarController.swift */; };
		0182F0C82BD83C2800D849FD /* UIWindow+Ext.swift in Sources */ = {isa = PBXBuildFile; fileRef = 0182F0C72BD83C2800D849FD /* UIWindow+Ext.swift */; };
		0182F0CA2BD83C9D00D849FD /* UIScreen+Ext.swift in Sources */ = {isa = PBXBuildFile; fileRef = 0182F0C92BD83C9D00D849FD /* UIScreen+Ext.swift */; };
		01933C712BC13B9E007815E9 /* AppDelegate.swift in Sources */ = {isa = PBXBuildFile; fileRef = 01933C702BC13B9E007815E9 /* AppDelegate.swift */; };
		01933C732BC13B9E007815E9 /* SceneDelegate.swift in Sources */ = {isa = PBXBuildFile; fileRef = 01933C722BC13B9E007815E9 /* SceneDelegate.swift */; };
		01933C7A2BC13B9F007815E9 /* Assets.xcassets in Resources */ = {isa = PBXBuildFile; fileRef = 01933C792BC13B9F007815E9 /* Assets.xcassets */; };
		01933C7D2BC13B9F007815E9 /* Base in Resources */ = {isa = PBXBuildFile; fileRef = 01933C7C2BC13B9F007815E9 /* Base */; };
		01933C852BC15094007815E9 /* SearchVC.swift in Sources */ = {isa = PBXBuildFile; fileRef = 01933C842BC15094007815E9 /* SearchVC.swift */; };
		01933C872BC150B7007815E9 /* FavoritesListVC.swift in Sources */ = {isa = PBXBuildFile; fileRef = 01933C862BC150B7007815E9 /* FavoritesListVC.swift */; };
		01933C892BC15A75007815E9 /* GFButton.swift in Sources */ = {isa = PBXBuildFile; fileRef = 01933C882BC15A75007815E9 /* GFButton.swift */; };
		01933C8B2BC15D9F007815E9 /* GFTextField.swift in Sources */ = {isa = PBXBuildFile; fileRef = 01933C8A2BC15D9F007815E9 /* GFTextField.swift */; };
		01933C8D2BC167B3007815E9 /* FollowerListVC.swift in Sources */ = {isa = PBXBuildFile; fileRef = 01933C8C2BC167B3007815E9 /* FollowerListVC.swift */; };
		01933C8F2BC16C81007815E9 /* GFTitleLabel.swift in Sources */ = {isa = PBXBuildFile; fileRef = 01933C8E2BC16C81007815E9 /* GFTitleLabel.swift */; };
		01933C912BC16DEC007815E9 /* GFBodyLabel.swift in Sources */ = {isa = PBXBuildFile; fileRef = 01933C902BC16DEC007815E9 /* GFBodyLabel.swift */; };
		01933C932BC16EB9007815E9 /* GFAlertVC.swift in Sources */ = {isa = PBXBuildFile; fileRef = 01933C922BC16EB9007815E9 /* GFAlertVC.swift */; };
		01933C952BC17186007815E9 /* GFAlertContainerView.swift in Sources */ = {isa = PBXBuildFile; fileRef = 01933C942BC17186007815E9 /* GFAlertContainerView.swift */; };
		01933C972BC17554007815E9 /* UIViewController+Ext.swift in Sources */ = {isa = PBXBuildFile; fileRef = 01933C962BC17554007815E9 /* UIViewController+Ext.swift */; };
		01933C9E2BC2A852007815E9 /* Follower.swift in Sources */ = {isa = PBXBuildFile; fileRef = 01933C9D2BC2A852007815E9 /* Follower.swift */; };
		01933CA02BC2A92F007815E9 /* User.swift in Sources */ = {isa = PBXBuildFile; fileRef = 01933C9F2BC2A92F007815E9 /* User.swift */; };
		01933CA52BC2AD00007815E9 /* NetworkManager.swift in Sources */ = {isa = PBXBuildFile; fileRef = 01933CA42BC2AD00007815E9 /* NetworkManager.swift */; };
		019BAA6A2BCE716F00A4A071 /* GFUserInfoHeaderVC.swift in Sources */ = {isa = PBXBuildFile; fileRef = 019BAA692BCE716F00A4A071 /* GFUserInfoHeaderVC.swift */; };
		019BAA6C2BCE718B00A4A071 /* GFSecondaryTitleLabel.swift in Sources */ = {isa = PBXBuildFile; fileRef = 019BAA6B2BCE718B00A4A071 /* GFSecondaryTitleLabel.swift */; };
		019BAA6E2BCE77E500A4A071 /* Constants.swift in Sources */ = {isa = PBXBuildFile; fileRef = 019BAA6D2BCE77E500A4A071 /* Constants.swift */; };
		019BBF6F2BCFB77000165F3F /* GFItemInfoView.swift in Sources */ = {isa = PBXBuildFile; fileRef = 019BBF6E2BCFB77000165F3F /* GFItemInfoView.swift */; };
		019BBF712BCFBD2A00165F3F /* GFItemInfoVC.swift in Sources */ = {isa = PBXBuildFile; fileRef = 019BBF702BCFBD2A00165F3F /* GFItemInfoVC.swift */; };
		019BBF732BCFBFC600165F3F /* GFRepoItemVC.swift in Sources */ = {isa = PBXBuildFile; fileRef = 019BBF722BCFBFC500165F3F /* GFRepoItemVC.swift */; };
		019BBF752BCFC1CB00165F3F /* GFFollowerItemVC.swift in Sources */ = {isa = PBXBuildFile; fileRef = 019BBF742BCFC1CB00165F3F /* GFFollowerItemVC.swift */; };
		01A1B2292BC53EB600460A22 /* UIHelper.swift in Sources */ = {isa = PBXBuildFile; fileRef = 01A1B2282BC53EB600460A22 /* UIHelper.swift */; };
		01D786482BC3E4D500055C79 /* GFError.swift in Sources */ = {isa = PBXBuildFile; fileRef = 01D786472BC3E4D500055C79 /* GFError.swift */; };
		01D7864B2BC3EA0200055C79 /* FollowerCell.swift in Sources */ = {isa = PBXBuildFile; fileRef = 01D7864A2BC3EA0200055C79 /* FollowerCell.swift */; };
		01D7864D2BC3EA8D00055C79 /* GFAvatarImageView.swift in Sources */ = {isa = PBXBuildFile; fileRef = 01D7864C2BC3EA8D00055C79 /* GFAvatarImageView.swift */; };
/* End PBXBuildFile section */

/* Begin PBXFileReference section */
		010B7CF32BD97F66001D185D /* GFDataLoadingVC.swift */ = {isa = PBXFileReference; lastKnownFileType = sourcecode.swift; path = GFDataLoadingVC.swift; sourceTree = "<group>"; };
		01178BAE2BCD1A8000461B98 /* UserInfoVC.swift */ = {isa = PBXFileReference; lastKnownFileType = sourcecode.swift; path = UserInfoVC.swift; sourceTree = "<group>"; };
		011A7E082BD1077B00FABE9E /* Date+Ext.swift */ = {isa = PBXFileReference; lastKnownFileType = sourcecode.swift; path = "Date+Ext.swift"; sourceTree = "<group>"; };
		013A907E2BD65DB90091FDB8 /* FavoriteCell.swift */ = {isa = PBXFileReference; lastKnownFileType = sourcecode.swift; path = FavoriteCell.swift; sourceTree = "<group>"; };
		0154ED452BDEDCC100F30BBC /* UIView+Ext.swift */ = {isa = PBXFileReference; lastKnownFileType = sourcecode.swift; path = "UIView+Ext.swift"; sourceTree = "<group>"; };
		015E43872BCBB0AC00CE8BFF /* GFEmptyStateView.swift */ = {isa = PBXFileReference; lastKnownFileType = sourcecode.swift; path = GFEmptyStateView.swift; sourceTree = "<group>"; };
		0174038D2BD476330005F315 /* PersistenceManager.swift */ = {isa = PBXFileReference; lastKnownFileType = sourcecode.swift; path = PersistenceManager.swift; sourceTree = "<group>"; };
		0182F0C52BD836F800D849FD /* GFTabBarController.swift */ = {isa = PBXFileReference; lastKnownFileType = sourcecode.swift; path = GFTabBarController.swift; sourceTree = "<group>"; };
		0182F0C72BD83C2800D849FD /* UIWindow+Ext.swift */ = {isa = PBXFileReference; lastKnownFileType = sourcecode.swift; path = "UIWindow+Ext.swift"; sourceTree = "<group>"; };
		0182F0C92BD83C9D00D849FD /* UIScreen+Ext.swift */ = {isa = PBXFileReference; lastKnownFileType = sourcecode.swift; path = "UIScreen+Ext.swift"; sourceTree = "<group>"; };
		01933C6D2BC13B9E007815E9 /* GHFollowers.app */ = {isa = PBXFileReference; explicitFileType = wrapper.application; includeInIndex = 0; path = GHFollowers.app; sourceTree = BUILT_PRODUCTS_DIR; };
		01933C702BC13B9E007815E9 /* AppDelegate.swift */ = {isa = PBXFileReference; lastKnownFileType = sourcecode.swift; path = AppDelegate.swift; sourceTree = "<group>"; };
		01933C722BC13B9E007815E9 /* SceneDelegate.swift */ = {isa = PBXFileReference; lastKnownFileType = sourcecode.swift; path = SceneDelegate.swift; sourceTree = "<group>"; };
		01933C792BC13B9F007815E9 /* Assets.xcassets */ = {isa = PBXFileReference; lastKnownFileType = folder.assetcatalog; path = Assets.xcassets; sourceTree = "<group>"; };
		01933C7C2BC13B9F007815E9 /* Base */ = {isa = PBXFileReference; lastKnownFileType = file.storyboard; name = Base; path = Base.lproj/LaunchScreen.storyboard; sourceTree = "<group>"; };
		01933C7E2BC13B9F007815E9 /* Info.plist */ = {isa = PBXFileReference; lastKnownFileType = text.plist.xml; path = Info.plist; sourceTree = "<group>"; };
		01933C842BC15094007815E9 /* SearchVC.swift */ = {isa = PBXFileReference; lastKnownFileType = sourcecode.swift; path = SearchVC.swift; sourceTree = "<group>"; };
		01933C862BC150B7007815E9 /* FavoritesListVC.swift */ = {isa = PBXFileReference; lastKnownFileType = sourcecode.swift; path = FavoritesListVC.swift; sourceTree = "<group>"; };
		01933C882BC15A75007815E9 /* GFButton.swift */ = {isa = PBXFileReference; lastKnownFileType = sourcecode.swift; path = GFButton.swift; sourceTree = "<group>"; };
		01933C8A2BC15D9F007815E9 /* GFTextField.swift */ = {isa = PBXFileReference; lastKnownFileType = sourcecode.swift; path = GFTextField.swift; sourceTree = "<group>"; };
		01933C8C2BC167B3007815E9 /* FollowerListVC.swift */ = {isa = PBXFileReference; lastKnownFileType = sourcecode.swift; path = FollowerListVC.swift; sourceTree = "<group>"; };
		01933C8E2BC16C81007815E9 /* GFTitleLabel.swift */ = {isa = PBXFileReference; lastKnownFileType = sourcecode.swift; path = GFTitleLabel.swift; sourceTree = "<group>"; };
		01933C902BC16DEC007815E9 /* GFBodyLabel.swift */ = {isa = PBXFileReference; lastKnownFileType = sourcecode.swift; path = GFBodyLabel.swift; sourceTree = "<group>"; };
		01933C922BC16EB9007815E9 /* GFAlertVC.swift */ = {isa = PBXFileReference; lastKnownFileType = sourcecode.swift; path = GFAlertVC.swift; sourceTree = "<group>"; };
		01933C942BC17186007815E9 /* GFAlertContainerView.swift */ = {isa = PBXFileReference; lastKnownFileType = sourcecode.swift; path = GFAlertContainerView.swift; sourceTree = "<group>"; };
		01933C962BC17554007815E9 /* UIViewController+Ext.swift */ = {isa = PBXFileReference; lastKnownFileType = sourcecode.swift; path = "UIViewController+Ext.swift"; sourceTree = "<group>"; };
		01933C9D2BC2A852007815E9 /* Follower.swift */ = {isa = PBXFileReference; lastKnownFileType = sourcecode.swift; path = Follower.swift; sourceTree = "<group>"; };
		01933C9F2BC2A92F007815E9 /* User.swift */ = {isa = PBXFileReference; lastKnownFileType = sourcecode.swift; path = User.swift; sourceTree = "<group>"; };
		01933CA42BC2AD00007815E9 /* NetworkManager.swift */ = {isa = PBXFileReference; lastKnownFileType = sourcecode.swift; path = NetworkManager.swift; sourceTree = "<group>"; };
		019BAA692BCE716F00A4A071 /* GFUserInfoHeaderVC.swift */ = {isa = PBXFileReference; lastKnownFileType = sourcecode.swift; path = GFUserInfoHeaderVC.swift; sourceTree = "<group>"; };
		019BAA6B2BCE718B00A4A071 /* GFSecondaryTitleLabel.swift */ = {isa = PBXFileReference; lastKnownFileType = sourcecode.swift; path = GFSecondaryTitleLabel.swift; sourceTree = "<group>"; };
		019BAA6D2BCE77E500A4A071 /* Constants.swift */ = {isa = PBXFileReference; lastKnownFileType = sourcecode.swift; path = Constants.swift; sourceTree = "<group>"; };
		019BBF6E2BCFB77000165F3F /* GFItemInfoView.swift */ = {isa = PBXFileReference; lastKnownFileType = sourcecode.swift; path = GFItemInfoView.swift; sourceTree = "<group>"; };
		019BBF702BCFBD2A00165F3F /* GFItemInfoVC.swift */ = {isa = PBXFileReference; lastKnownFileType = sourcecode.swift; path = GFItemInfoVC.swift; sourceTree = "<group>"; };
		019BBF722BCFBFC500165F3F /* GFRepoItemVC.swift */ = {isa = PBXFileReference; lastKnownFileType = sourcecode.swift; path = GFRepoItemVC.swift; sourceTree = "<group>"; };
		019BBF742BCFC1CB00165F3F /* GFFollowerItemVC.swift */ = {isa = PBXFileReference; fileEncoding = 4; lastKnownFileType = sourcecode.swift; path = GFFollowerItemVC.swift; sourceTree = "<group>"; };
		01A1B2282BC53EB600460A22 /* UIHelper.swift */ = {isa = PBXFileReference; lastKnownFileType = sourcecode.swift; path = UIHelper.swift; sourceTree = "<group>"; };
		01D786472BC3E4D500055C79 /* GFError.swift */ = {isa = PBXFileReference; lastKnownFileType = sourcecode.swift; path = GFError.swift; sourceTree = "<group>"; };
		01D7864A2BC3EA0200055C79 /* FollowerCell.swift */ = {isa = PBXFileReference; lastKnownFileType = sourcecode.swift; path = FollowerCell.swift; sourceTree = "<group>"; };
		01D7864C2BC3EA8D00055C79 /* GFAvatarImageView.swift */ = {isa = PBXFileReference; lastKnownFileType = sourcecode.swift; path = GFAvatarImageView.swift; sourceTree = "<group>"; };
/* End PBXFileReference section */

/* Begin PBXFrameworksBuildPhase section */
		01933C6A2BC13B9E007815E9 /* Frameworks */ = {
			isa = PBXFrameworksBuildPhase;
			buildActionMask = 2147483647;
			files = (
			);
			runOnlyForDeploymentPostprocessing = 0;
		};
/* End PBXFrameworksBuildPhase section */

/* Begin PBXGroup section */
		015E43802BCBAFF700CE8BFF /* Views */ = {
			isa = PBXGroup;
			children = (
				015E43872BCBB0AC00CE8BFF /* GFEmptyStateView.swift */,
				019BBF6E2BCFB77000165F3F /* GFItemInfoView.swift */,
				01933C942BC17186007815E9 /* GFAlertContainerView.swift */,
			);
			path = Views;
			sourceTree = "<group>";
		};
		015E43812BCBAFFF00CE8BFF /* Buttons */ = {
			isa = PBXGroup;
			children = (
				01933C882BC15A75007815E9 /* GFButton.swift */,
			);
			path = Buttons;
			sourceTree = "<group>";
		};
		015E43822BCBB00500CE8BFF /* TextFields */ = {
			isa = PBXGroup;
			children = (
				01933C8A2BC15D9F007815E9 /* GFTextField.swift */,
			);
			path = TextFields;
			sourceTree = "<group>";
		};
		015E43832BCBB00D00CE8BFF /* ImageViews */ = {
			isa = PBXGroup;
			children = (
				01D7864C2BC3EA8D00055C79 /* GFAvatarImageView.swift */,
			);
			path = ImageViews;
			sourceTree = "<group>";
		};
		015E43842BCBB01400CE8BFF /* ViewControllers */ = {
			isa = PBXGroup;
			children = (
				019BBF762BCFC20100165F3F /* ItemInfoVCs */,
				01933C922BC16EB9007815E9 /* GFAlertVC.swift */,
				019BAA692BCE716F00A4A071 /* GFUserInfoHeaderVC.swift */,
				010B7CF32BD97F66001D185D /* GFDataLoadingVC.swift */,
			);
			path = ViewControllers;
			sourceTree = "<group>";
		};
		015E43852BCBB02F00CE8BFF /* Labels */ = {
			isa = PBXGroup;
			children = (
				01933C8E2BC16C81007815E9 /* GFTitleLabel.swift */,
				01933C902BC16DEC007815E9 /* GFBodyLabel.swift */,
				019BAA6B2BCE718B00A4A071 /* GFSecondaryTitleLabel.swift */,
			);
			path = Labels;
			sourceTree = "<group>";
		};
		0182F0C42BD836D400D849FD /* TabBarControllers */ = {
			isa = PBXGroup;
			children = (
				0182F0C52BD836F800D849FD /* GFTabBarController.swift */,
			);
			path = TabBarControllers;
			sourceTree = "<group>";
		};
		01933C642BC13B9E007815E9 = {
			isa = PBXGroup;
			children = (
				01933C6F2BC13B9E007815E9 /* GHFollowers */,
				01933C6E2BC13B9E007815E9 /* Products */,
			);
			sourceTree = "<group>";
		};
		01933C6E2BC13B9E007815E9 /* Products */ = {
			isa = PBXGroup;
			children = (
				01933C6D2BC13B9E007815E9 /* GHFollowers.app */,
			);
			name = Products;
			sourceTree = "<group>";
		};
		01933C6F2BC13B9E007815E9 /* GHFollowers */ = {
			isa = PBXGroup;
			children = (
				01D786462BC3E4C200055C79 /* Utilities */,
				01933CA32BC2ACE4007815E9 /* Managers */,
				01933C9C2BC2A83B007815E9 /* Models */,
				01933C9B2BC17898007815E9 /* Support */,
				01933C9A2BC17833007815E9 /* Extensions */,
				01933C992BC17803007815E9 /* Custom Views */,
				01933C982BC177C1007815E9 /* Screens */,
				01933C7E2BC13B9F007815E9 /* Info.plist */,
			);
			path = GHFollowers;
			sourceTree = "<group>";
		};
		01933C982BC177C1007815E9 /* Screens */ = {
			isa = PBXGroup;
			children = (
				01933C842BC15094007815E9 /* SearchVC.swift */,
				01933C8C2BC167B3007815E9 /* FollowerListVC.swift */,
				01933C862BC150B7007815E9 /* FavoritesListVC.swift */,
				01178BAE2BCD1A8000461B98 /* UserInfoVC.swift */,
			);
			path = Screens;
			sourceTree = "<group>";
		};
		01933C992BC17803007815E9 /* Custom Views */ = {
			isa = PBXGroup;
			children = (
				0182F0C42BD836D400D849FD /* TabBarControllers */,
				015E43852BCBB02F00CE8BFF /* Labels */,
				015E43842BCBB01400CE8BFF /* ViewControllers */,
				015E43832BCBB00D00CE8BFF /* ImageViews */,
				015E43822BCBB00500CE8BFF /* TextFields */,
				015E43812BCBAFFF00CE8BFF /* Buttons */,
				015E43802BCBAFF700CE8BFF /* Views */,
				01D786492BC3E9E400055C79 /* Cells */,
			);
			path = "Custom Views";
			sourceTree = "<group>";
		};
		01933C9A2BC17833007815E9 /* Extensions */ = {
			isa = PBXGroup;
			children = (
				01933C962BC17554007815E9 /* UIViewController+Ext.swift */,
				011A7E082BD1077B00FABE9E /* Date+Ext.swift */,
				0182F0C72BD83C2800D849FD /* UIWindow+Ext.swift */,
				0182F0C92BD83C9D00D849FD /* UIScreen+Ext.swift */,
				0154ED452BDEDCC100F30BBC /* UIView+Ext.swift */,
			);
			path = Extensions;
			sourceTree = "<group>";
		};
		01933C9B2BC17898007815E9 /* Support */ = {
			isa = PBXGroup;
			children = (
				01933C702BC13B9E007815E9 /* AppDelegate.swift */,
				01933C722BC13B9E007815E9 /* SceneDelegate.swift */,
				01933C792BC13B9F007815E9 /* Assets.xcassets */,
				01933C7B2BC13B9F007815E9 /* LaunchScreen.storyboard */,
			);
			path = Support;
			sourceTree = "<group>";
		};
		01933C9C2BC2A83B007815E9 /* Models */ = {
			isa = PBXGroup;
			children = (
				01933C9D2BC2A852007815E9 /* Follower.swift */,
				01933C9F2BC2A92F007815E9 /* User.swift */,
			);
			path = Models;
			sourceTree = "<group>";
		};
		01933CA32BC2ACE4007815E9 /* Managers */ = {
			isa = PBXGroup;
			children = (
				01933CA42BC2AD00007815E9 /* NetworkManager.swift */,
				0174038D2BD476330005F315 /* PersistenceManager.swift */,
			);
			path = Managers;
			sourceTree = "<group>";
		};
		019BBF762BCFC20100165F3F /* ItemInfoVCs */ = {
			isa = PBXGroup;
			children = (
				019BBF702BCFBD2A00165F3F /* GFItemInfoVC.swift */,
				019BBF722BCFBFC500165F3F /* GFRepoItemVC.swift */,
				019BBF742BCFC1CB00165F3F /* GFFollowerItemVC.swift */,
			);
			path = ItemInfoVCs;
			sourceTree = "<group>";
		};
		01D786462BC3E4C200055C79 /* Utilities */ = {
			isa = PBXGroup;
			children = (
				01D786472BC3E4D500055C79 /* GFError.swift */,
				01A1B2282BC53EB600460A22 /* UIHelper.swift */,
				019BAA6D2BCE77E500A4A071 /* Constants.swift */,
			);
			path = Utilities;
			sourceTree = "<group>";
		};
		01D786492BC3E9E400055C79 /* Cells */ = {
			isa = PBXGroup;
			children = (
				01D7864A2BC3EA0200055C79 /* FollowerCell.swift */,
				013A907E2BD65DB90091FDB8 /* FavoriteCell.swift */,
			);
			path = Cells;
			sourceTree = "<group>";
		};
/* End PBXGroup section */

/* Begin PBXNativeTarget section */
		01933C6C2BC13B9E007815E9 /* GHFollowers */ = {
			isa = PBXNativeTarget;
			buildConfigurationList = 01933C812BC13B9F007815E9 /* Build configuration list for PBXNativeTarget "GHFollowers" */;
			buildPhases = (
				01933C692BC13B9E007815E9 /* Sources */,
				01933C6A2BC13B9E007815E9 /* Frameworks */,
				01933C6B2BC13B9E007815E9 /* Resources */,
			);
			buildRules = (
			);
			dependencies = (
			);
			name = GHFollowers;
			productName = GHFollowers;
			productReference = 01933C6D2BC13B9E007815E9 /* GHFollowers.app */;
			productType = "com.apple.product-type.application";
		};
/* End PBXNativeTarget section */

/* Begin PBXProject section */
		01933C652BC13B9E007815E9 /* Project object */ = {
			isa = PBXProject;
			attributes = {
				BuildIndependentTargetsInParallel = 1;
				LastSwiftUpdateCheck = 1530;
				LastUpgradeCheck = 1530;
				TargetAttributes = {
					01933C6C2BC13B9E007815E9 = {
						CreatedOnToolsVersion = 15.3;
					};
				};
			};
			buildConfigurationList = 01933C682BC13B9E007815E9 /* Build configuration list for PBXProject "GHFollowers" */;
			compatibilityVersion = "Xcode 14.0";
			developmentRegion = en;
			hasScannedForEncodings = 0;
			knownRegions = (
				en,
				Base,
			);
			mainGroup = 01933C642BC13B9E007815E9;
			productRefGroup = 01933C6E2BC13B9E007815E9 /* Products */;
			projectDirPath = "";
			projectRoot = "";
			targets = (
				01933C6C2BC13B9E007815E9 /* GHFollowers */,
			);
		};
/* End PBXProject section */

/* Begin PBXResourcesBuildPhase section */
		01933C6B2BC13B9E007815E9 /* Resources */ = {
			isa = PBXResourcesBuildPhase;
			buildActionMask = 2147483647;
			files = (
				01933C7A2BC13B9F007815E9 /* Assets.xcassets in Resources */,
				01933C7D2BC13B9F007815E9 /* Base in Resources */,
			);
			runOnlyForDeploymentPostprocessing = 0;
		};
/* End PBXResourcesBuildPhase section */

/* Begin PBXSourcesBuildPhase section */
		01933C692BC13B9E007815E9 /* Sources */ = {
			isa = PBXSourcesBuildPhase;
			buildActionMask = 2147483647;
			files = (
				01933C8B2BC15D9F007815E9 /* GFTextField.swift in Sources */,
				0182F0C82BD83C2800D849FD /* UIWindow+Ext.swift in Sources */,
				0182F0CA2BD83C9D00D849FD /* UIScreen+Ext.swift in Sources */,
				01933C8D2BC167B3007815E9 /* FollowerListVC.swift in Sources */,
				01933C972BC17554007815E9 /* UIViewController+Ext.swift in Sources */,
				019BAA6A2BCE716F00A4A071 /* GFUserInfoHeaderVC.swift in Sources */,
				01933C852BC15094007815E9 /* SearchVC.swift in Sources */,
				01933C892BC15A75007815E9 /* GFButton.swift in Sources */,
				015E43882BCBB0AC00CE8BFF /* GFEmptyStateView.swift in Sources */,
				019BAA6C2BCE718B00A4A071 /* GFSecondaryTitleLabel.swift in Sources */,
				01933C932BC16EB9007815E9 /* GFAlertVC.swift in Sources */,
				01933CA02BC2A92F007815E9 /* User.swift in Sources */,
				01D7864B2BC3EA0200055C79 /* FollowerCell.swift in Sources */,
				01D7864D2BC3EA8D00055C79 /* GFAvatarImageView.swift in Sources */,
				0174038E2BD476330005F315 /* PersistenceManager.swift in Sources */,
				0182F0C62BD836F800D849FD /* GFTabBarController.swift in Sources */,
				013A907F2BD65DB90091FDB8 /* FavoriteCell.swift in Sources */,
				019BBF732BCFBFC600165F3F /* GFRepoItemVC.swift in Sources */,
				01933C912BC16DEC007815E9 /* GFBodyLabel.swift in Sources */,
				01178BAF2BCD1A8000461B98 /* UserInfoVC.swift in Sources */,
				01933C9E2BC2A852007815E9 /* Follower.swift in Sources */,
				01933C8F2BC16C81007815E9 /* GFTitleLabel.swift in Sources */,
				01933C712BC13B9E007815E9 /* AppDelegate.swift in Sources */,
				010B7CF42BD97F66001D185D /* GFDataLoadingVC.swift in Sources */,
				01933C952BC17186007815E9 /* GFAlertContainerView.swift in Sources */,
				019BBF712BCFBD2A00165F3F /* GFItemInfoVC.swift in Sources */,
				019BBF752BCFC1CB00165F3F /* GFFollowerItemVC.swift in Sources */,
				01D786482BC3E4D500055C79 /* GFError.swift in Sources */,
				01A1B2292BC53EB600460A22 /* UIHelper.swift in Sources */,
				011A7E092BD1077B00FABE9E /* Date+Ext.swift in Sources */,
				01933CA52BC2AD00007815E9 /* NetworkManager.swift in Sources */,
				01933C872BC150B7007815E9 /* FavoritesListVC.swift in Sources */,
				0154ED462BDEDCC100F30BBC /* UIView+Ext.swift in Sources */,
				019BBF6F2BCFB77000165F3F /* GFItemInfoView.swift in Sources */,
				01933C732BC13B9E007815E9 /* SceneDelegate.swift in Sources */,
				019BAA6E2BCE77E500A4A071 /* Constants.swift in Sources */,
			);
			runOnlyForDeploymentPostprocessing = 0;
		};
/* End PBXSourcesBuildPhase section */

/* Begin PBXVariantGroup section */
		01933C7B2BC13B9F007815E9 /* LaunchScreen.storyboard */ = {
			isa = PBXVariantGroup;
			children = (
				01933C7C2BC13B9F007815E9 /* Base */,
			);
			name = LaunchScreen.storyboard;
			sourceTree = "<group>";
		};
/* End PBXVariantGroup section */

/* Begin XCBuildConfiguration section */
		01933C7F2BC13B9F007815E9 /* Debug */ = {
			isa = XCBuildConfiguration;
			buildSettings = {
				ALWAYS_SEARCH_USER_PATHS = NO;
				ASSETCATALOG_COMPILER_GENERATE_SWIFT_ASSET_SYMBOL_EXTENSIONS = YES;
				CLANG_ANALYZER_NONNULL = YES;
				CLANG_ANALYZER_NUMBER_OBJECT_CONVERSION = YES_AGGRESSIVE;
				CLANG_CXX_LANGUAGE_STANDARD = "gnu++20";
				CLANG_ENABLE_MODULES = YES;
				CLANG_ENABLE_OBJC_ARC = YES;
				CLANG_ENABLE_OBJC_WEAK = YES;
				CLANG_WARN_BLOCK_CAPTURE_AUTORELEASING = YES;
				CLANG_WARN_BOOL_CONVERSION = YES;
				CLANG_WARN_COMMA = YES;
				CLANG_WARN_CONSTANT_CONVERSION = YES;
				CLANG_WARN_DEPRECATED_OBJC_IMPLEMENTATIONS = YES;
				CLANG_WARN_DIRECT_OBJC_ISA_USAGE = YES_ERROR;
				CLANG_WARN_DOCUMENTATION_COMMENTS = YES;
				CLANG_WARN_EMPTY_BODY = YES;
				CLANG_WARN_ENUM_CONVERSION = YES;
				CLANG_WARN_INFINITE_RECURSION = YES;
				CLANG_WARN_INT_CONVERSION = YES;
				CLANG_WARN_NON_LITERAL_NULL_CONVERSION = YES;
				CLANG_WARN_OBJC_IMPLICIT_RETAIN_SELF = YES;
				CLANG_WARN_OBJC_LITERAL_CONVERSION = YES;
				CLANG_WARN_OBJC_ROOT_CLASS = YES_ERROR;
				CLANG_WARN_QUOTED_INCLUDE_IN_FRAMEWORK_HEADER = YES;
				CLANG_WARN_RANGE_LOOP_ANALYSIS = YES;
				CLANG_WARN_STRICT_PROTOTYPES = YES;
				CLANG_WARN_SUSPICIOUS_MOVE = YES;
				CLANG_WARN_UNGUARDED_AVAILABILITY = YES_AGGRESSIVE;
				CLANG_WARN_UNREACHABLE_CODE = YES;
				CLANG_WARN__DUPLICATE_METHOD_MATCH = YES;
				COPY_PHASE_STRIP = NO;
				DEBUG_INFORMATION_FORMAT = dwarf;
				ENABLE_STRICT_OBJC_MSGSEND = YES;
				ENABLE_TESTABILITY = YES;
				ENABLE_USER_SCRIPT_SANDBOXING = YES;
				GCC_C_LANGUAGE_STANDARD = gnu17;
				GCC_DYNAMIC_NO_PIC = NO;
				GCC_NO_COMMON_BLOCKS = YES;
				GCC_OPTIMIZATION_LEVEL = 0;
				GCC_PREPROCESSOR_DEFINITIONS = (
					"DEBUG=1",
					"$(inherited)",
				);
				GCC_WARN_64_TO_32_BIT_CONVERSION = YES;
				GCC_WARN_ABOUT_RETURN_TYPE = YES_ERROR;
				GCC_WARN_UNDECLARED_SELECTOR = YES;
				GCC_WARN_UNINITIALIZED_AUTOS = YES_AGGRESSIVE;
				GCC_WARN_UNUSED_FUNCTION = YES;
				GCC_WARN_UNUSED_VARIABLE = YES;
				IPHONEOS_DEPLOYMENT_TARGET = 17.4;
				LOCALIZATION_PREFERS_STRING_CATALOGS = YES;
				MTL_ENABLE_DEBUG_INFO = INCLUDE_SOURCE;
				MTL_FAST_MATH = YES;
				ONLY_ACTIVE_ARCH = YES;
				SDKROOT = iphoneos;
				SWIFT_ACTIVE_COMPILATION_CONDITIONS = "DEBUG $(inherited)";
				SWIFT_OPTIMIZATION_LEVEL = "-Onone";
			};
			name = Debug;
		};
		01933C802BC13B9F007815E9 /* Release */ = {
			isa = XCBuildConfiguration;
			buildSettings = {
				ALWAYS_SEARCH_USER_PATHS = NO;
				ASSETCATALOG_COMPILER_GENERATE_SWIFT_ASSET_SYMBOL_EXTENSIONS = YES;
				CLANG_ANALYZER_NONNULL = YES;
				CLANG_ANALYZER_NUMBER_OBJECT_CONVERSION = YES_AGGRESSIVE;
				CLANG_CXX_LANGUAGE_STANDARD = "gnu++20";
				CLANG_ENABLE_MODULES = YES;
				CLANG_ENABLE_OBJC_ARC = YES;
				CLANG_ENABLE_OBJC_WEAK = YES;
				CLANG_WARN_BLOCK_CAPTURE_AUTORELEASING = YES;
				CLANG_WARN_BOOL_CONVERSION = YES;
				CLANG_WARN_COMMA = YES;
				CLANG_WARN_CONSTANT_CONVERSION = YES;
				CLANG_WARN_DEPRECATED_OBJC_IMPLEMENTATIONS = YES;
				CLANG_WARN_DIRECT_OBJC_ISA_USAGE = YES_ERROR;
				CLANG_WARN_DOCUMENTATION_COMMENTS = YES;
				CLANG_WARN_EMPTY_BODY = YES;
				CLANG_WARN_ENUM_CONVERSION = YES;
				CLANG_WARN_INFINITE_RECURSION = YES;
				CLANG_WARN_INT_CONVERSION = YES;
				CLANG_WARN_NON_LITERAL_NULL_CONVERSION = YES;
				CLANG_WARN_OBJC_IMPLICIT_RETAIN_SELF = YES;
				CLANG_WARN_OBJC_LITERAL_CONVERSION = YES;
				CLANG_WARN_OBJC_ROOT_CLASS = YES_ERROR;
				CLANG_WARN_QUOTED_INCLUDE_IN_FRAMEWORK_HEADER = YES;
				CLANG_WARN_RANGE_LOOP_ANALYSIS = YES;
				CLANG_WARN_STRICT_PROTOTYPES = YES;
				CLANG_WARN_SUSPICIOUS_MOVE = YES;
				CLANG_WARN_UNGUARDED_AVAILABILITY = YES_AGGRESSIVE;
				CLANG_WARN_UNREACHABLE_CODE = YES;
				CLANG_WARN__DUPLICATE_METHOD_MATCH = YES;
				COPY_PHASE_STRIP = NO;
				DEBUG_INFORMATION_FORMAT = "dwarf-with-dsym";
				ENABLE_NS_ASSERTIONS = NO;
				ENABLE_STRICT_OBJC_MSGSEND = YES;
				ENABLE_USER_SCRIPT_SANDBOXING = YES;
				GCC_C_LANGUAGE_STANDARD = gnu17;
				GCC_NO_COMMON_BLOCKS = YES;
				GCC_WARN_64_TO_32_BIT_CONVERSION = YES;
				GCC_WARN_ABOUT_RETURN_TYPE = YES_ERROR;
				GCC_WARN_UNDECLARED_SELECTOR = YES;
				GCC_WARN_UNINITIALIZED_AUTOS = YES_AGGRESSIVE;
				GCC_WARN_UNUSED_FUNCTION = YES;
				GCC_WARN_UNUSED_VARIABLE = YES;
				IPHONEOS_DEPLOYMENT_TARGET = 17.4;
				LOCALIZATION_PREFERS_STRING_CATALOGS = YES;
				MTL_ENABLE_DEBUG_INFO = NO;
				MTL_FAST_MATH = YES;
				SDKROOT = iphoneos;
				SWIFT_COMPILATION_MODE = wholemodule;
				VALIDATE_PRODUCT = YES;
			};
			name = Release;
		};
		01933C822BC13B9F007815E9 /* Debug */ = {
			isa = XCBuildConfiguration;
			buildSettings = {
				ASSETCATALOG_COMPILER_APPICON_NAME = AppIcon;
				ASSETCATALOG_COMPILER_GLOBAL_ACCENT_COLOR_NAME = AccentColor;
				CODE_SIGN_STYLE = Automatic;
				CURRENT_PROJECT_VERSION = 1;
				DEVELOPMENT_TEAM = C4C655GVXZ;
				GENERATE_INFOPLIST_FILE = YES;
				INFOPLIST_FILE = GHFollowers/Info.plist;
				INFOPLIST_KEY_UIApplicationSupportsIndirectInputEvents = YES;
				INFOPLIST_KEY_UILaunchStoryboardName = LaunchScreen;
				INFOPLIST_KEY_UIMainStoryboardFile = "";
				INFOPLIST_KEY_UISupportedInterfaceOrientations = UIInterfaceOrientationPortrait;
				INFOPLIST_KEY_UISupportedInterfaceOrientations_iPad = "UIInterfaceOrientationPortrait UIInterfaceOrientationPortraitUpsideDown";
				IPHONEOS_DEPLOYMENT_TARGET = 15.0;
				LD_RUNPATH_SEARCH_PATHS = (
					"$(inherited)",
					"@executable_path/Frameworks",
				);
				MARKETING_VERSION = 1.0;
				PRODUCT_BUNDLE_IDENTIFIER = com.example.GHFollowers;
				PRODUCT_NAME = "$(TARGET_NAME)";
				SWIFT_EMIT_LOC_STRINGS = YES;
				SWIFT_VERSION = 5.0;
				TARGETED_DEVICE_FAMILY = "1,2";
			};
			name = Debug;
		};
		01933C832BC13B9F007815E9 /* Release */ = {
			isa = XCBuildConfiguration;
			buildSettings = {
				ASSETCATALOG_COMPILER_APPICON_NAME = AppIcon;
				ASSETCATALOG_COMPILER_GLOBAL_ACCENT_COLOR_NAME = AccentColor;
				CODE_SIGN_STYLE = Automatic;
				CURRENT_PROJECT_VERSION = 1;
				DEVELOPMENT_TEAM = C4C655GVXZ;
				GENERATE_INFOPLIST_FILE = YES;
				INFOPLIST_FILE = GHFollowers/Info.plist;
				INFOPLIST_KEY_UIApplicationSupportsIndirectInputEvents = YES;
				INFOPLIST_KEY_UILaunchStoryboardName = LaunchScreen;
				INFOPLIST_KEY_UIMainStoryboardFile = "";
				INFOPLIST_KEY_UISupportedInterfaceOrientations = UIInterfaceOrientationPortrait;
				INFOPLIST_KEY_UISupportedInterfaceOrientations_iPad = "UIInterfaceOrientationPortrait UIInterfaceOrientationPortraitUpsideDown";
				IPHONEOS_DEPLOYMENT_TARGET = 15.0;
				LD_RUNPATH_SEARCH_PATHS = (
					"$(inherited)",
					"@executable_path/Frameworks",
				);
				MARKETING_VERSION = 1.0;
				PRODUCT_BUNDLE_IDENTIFIER = com.example.GHFollowers;
				PRODUCT_NAME = "$(TARGET_NAME)";
				SWIFT_EMIT_LOC_STRINGS = YES;
				SWIFT_VERSION = 5.0;
				TARGETED_DEVICE_FAMILY = "1,2";
			};
			name = Release;
		};
/* End XCBuildConfiguration section */

/* Begin XCConfigurationList section */
		01933C682BC13B9E007815E9 /* Build configuration list for PBXProject "GHFollowers" */ = {
			isa = XCConfigurationList;
			buildConfigurations = (
				01933C7F2BC13B9F007815E9 /* Debug */,
				01933C802BC13B9F007815E9 /* Release */,
			);
			defaultConfigurationIsVisible = 0;
			defaultConfigurationName = Release;
		};
		01933C812BC13B9F007815E9 /* Build configuration list for PBXNativeTarget "GHFollowers" */ = {
			isa = XCConfigurationList;
			buildConfigurations = (
				01933C822BC13B9F007815E9 /* Debug */,
				01933C832BC13B9F007815E9 /* Release */,
			);
			defaultConfigurationIsVisible = 0;
			defaultConfigurationName = Release;
		};
/* End XCConfigurationList section */
	};
	rootObject = 01933C652BC13B9E007815E9 /* Project object */;
}
